
Microsoft Visual Studio Solution File, Format Version 12.00
# Visual Studio Version 17
VisualStudioVersion = 17.5.002.0
MinimumVisualStudioVersion = 10.0.40219.1
Project("{9A19103F-16F7-4668-BE54-9A1E7A4F7556}") = "BICDictionary", "BICDictionary.csproj", "{0F301C41-A546-4582-9C08-755D5ED4C082}"
EndProject
Global
	GlobalSection(SolutionConfigurationPlatforms) = preSolution
		Debug|Any CPU = Debug|Any CPU
		Release|Any CPU = Release|Any CPU
	EndGlobalSection
	GlobalSection(ProjectConfigurationPlatforms) = postSolution
		{0F301C41-A546-4582-9C08-755D5ED4C082}.Debug|Any CPU.ActiveCfg = Debug|Any CPU
		{0F301C41-A546-4582-9C08-755D5ED4C082}.Debug|Any CPU.Build.0 = Debug|Any CPU
		{0F301C41-A546-4582-9C08-755D5ED4C082}.Release|Any CPU.ActiveCfg = Release|Any CPU
		{0F301C41-A546-4582-9C08-755D5ED4C082}.Release|Any CPU.Build.0 = Release|Any CPU
	EndGlobalSection
	GlobalSection(SolutionProperties) = preSolution
		HideSolutionNode = FALSE
	EndGlobalSection
	GlobalSection(ExtensibilityGlobals) = postSolution
		SolutionGuid = {4C1ED093-0453-4C44-963C-125A085FEC93}
	EndGlobalSection
EndGlobal
