
Microsoft Visual Studio Solution File, Format Version 12.00
# Visual Studio Version 17
VisualStudioVersion = 17.5.002.0
MinimumVisualStudioVersion = 10.0.40219.1
Project("{9A19103F-16F7-4668-BE54-9A1E7A4F7556}") = "InventoryBorrowingSystem", "InventoryBorrowingSystem\InventoryBorrowingSystem.csproj", "{A72BF480-E14D-452B-B626-D2535D478019}"
EndProject
Global
	GlobalSection(SolutionConfigurationPlatforms) = preSolution
		Debug|Any CPU = Debug|Any CPU
		Release|Any CPU = Release|Any CPU
	EndGlobalSection
	GlobalSection(ProjectConfigurationPlatforms) = postSolution
		{A72BF480-E14D-452B-B626-D2535D478019}.Debug|Any CPU.ActiveCfg = Debug|Any CPU
		{A72BF480-E14D-452B-B626-D2535D478019}.Debug|Any CPU.Build.0 = Debug|Any CPU
		{A72BF480-E14D-452B-B626-D2535D478019}.Release|Any CPU.ActiveCfg = Release|Any CPU
		{A72BF480-E14D-452B-B626-D2535D478019}.Release|Any CPU.Build.0 = Release|Any CPU
	EndGlobalSection
	GlobalSection(SolutionProperties) = preSolution
		HideSolutionNode = FALSE
	EndGlobalSection
	GlobalSection(ExtensibilityGlobals) = postSolution
		SolutionGuid = {1DB8B9E9-35C4-4DBE-856A-54A0EC6636A3}
	EndGlobalSection
EndGlobal
