
Microsoft Visual Studio Solution File, Format Version 12.00
# Visual Studio Version 17
VisualStudioVersion = 17.5.002.0
MinimumVisualStudioVersion = 10.0.40219.1
Project("{9A19103F-16F7-4668-BE54-9A1E7A4F7556}") = "Packages", "Packages.csproj", "{02D26A38-F7CE-4F73-AC57-3431E0511E27}"
EndProject
Global
	GlobalSection(SolutionConfigurationPlatforms) = preSolution
		Debug|Any CPU = Debug|Any CPU
		Release|Any CPU = Release|Any CPU
	EndGlobalSection
	GlobalSection(ProjectConfigurationPlatforms) = postSolution
		{02D26A38-F7CE-4F73-AC57-3431E0511E27}.Debug|Any CPU.ActiveCfg = Debug|Any CPU
		{02D26A38-F7CE-4F73-AC57-3431E0511E27}.Debug|Any CPU.Build.0 = Debug|Any CPU
		{02D26A38-F7CE-4F73-AC57-3431E0511E27}.Release|Any CPU.ActiveCfg = Release|Any CPU
		{02D26A38-F7CE-4F73-AC57-3431E0511E27}.Release|Any CPU.Build.0 = Release|Any CPU
	EndGlobalSection
	GlobalSection(SolutionProperties) = preSolution
		HideSolutionNode = FALSE
	EndGlobalSection
	GlobalSection(ExtensibilityGlobals) = postSolution
		SolutionGuid = {0E149102-0AC2-44F0-A725-BC3E90EDC8C6}
	EndGlobalSection
EndGlobal
